
Microsoft Visual Studio Solution File, Format Version 12.00
# Visual Studio Version 16
VisualStudioVersion = 16.0.31702.278
MinimumVisualStudioVersion = 10.0.40219.1
Project("{2150E333-8FDC-42A3-9474-1A3956D46DE8}") = "Services", "Services", "{6E986C49-FFAC-4A8D-B494-D8566CA48DBD}"
EndProject
Project("{2150E333-8FDC-42A3-9474-1A3956D46DE8}") = "Catalog", "Catalog", "{C86AFAA2-D20B-4428-B180-E3897B234745}"
EndProject
Project("{FAE04EC0-301F-11D3-BF4B-00C04F79EFBC}") = "Catalog.API", "Services\Catalog\Catalog.API\Catalog.API.csproj", "{AD239AC9-649D-4387-9B5B-9EBC5DFB56C3}"
EndProject
Global
	GlobalSection(SolutionConfigurationPlatforms) = preSolution
		Debug|Any CPU = Debug|Any CPU
		Release|Any CPU = Release|Any CPU
	EndGlobalSection
	GlobalSection(ProjectConfigurationPlatforms) = postSolution
		{AD239AC9-649D-4387-9B5B-9EBC5DFB56C3}.Debug|Any CPU.ActiveCfg = Debug|Any CPU
		{AD239AC9-649D-4387-9B5B-9EBC5DFB56C3}.Debug|Any CPU.Build.0 = Debug|Any CPU
		{AD239AC9-649D-4387-9B5B-9EBC5DFB56C3}.Release|Any CPU.ActiveCfg = Release|Any CPU
		{AD239AC9-649D-4387-9B5B-9EBC5DFB56C3}.Release|Any CPU.Build.0 = Release|Any CPU
	EndGlobalSection
	GlobalSection(SolutionProperties) = preSolution
		HideSolutionNode = FALSE
	EndGlobalSection
	GlobalSection(NestedProjects) = preSolution
		{C86AFAA2-D20B-4428-B180-E3897B234745} = {6E986C49-FFAC-4A8D-B494-D8566CA48DBD}
		{AD239AC9-649D-4387-9B5B-9EBC5DFB56C3} = {C86AFAA2-D20B-4428-B180-E3897B234745}
	EndGlobalSection
	GlobalSection(ExtensibilityGlobals) = postSolution
		SolutionGuid = {91ACE44D-D2ED-40E1-A277-E39C1B58B985}
	EndGlobalSection
EndGlobal
